github.com/chzyer/logex v1.1.10/go.mod h1:+Ywpsq7O8HXn0nuIou7OrIPyXbp3wmkHB+jjWRnGsAI=
github.com/chzyer/readline v0.0.0-20180603132655-2972be24d48e/go.mod h1:nSuG5e5PlCu98SY8svDHJxuZscDgtXS6KTTbou5AhLI=
github.com/chzyer/test v0.0.0-20180213035817-a1ea475d72b1/go.mod h1:Q3SI9o4m/ZMnBNeIyt5eFwwo7qiLfzFZmjNmxjkiQlU=
github.com/davecgh/go-spew v1.1.0/go.mod h1:J7Y8YcW2NihsgmVo/mv3lAwl/skON4iLHjSsI+c5H38=
github.com/davecgh/go-spew v1.1.1/go.mod h1:J7Y8YcW2NihsgmVo/mv3lAwl/skON4iLHjSsI+c5H38=
github.com/flynn/noise v1.1.0 h1:KjPQoQCEFdZDiP03phOvGi11+SVVhBG2wOWAorLsstg=
github.com/flynn/noise v1.1.0/go.mod h1:xbMo+0i6+IGbYdJhF31t2eR1BIU0CYc12+BNAKwUTag=
github.com/fxamacker/cbor/v2 v2.9.2 h1:X4Ksno9+x3cz0TZv69ec1hxP/+tymuR8PXQJyDwfh78=
github.com/fxamacker/cbor/v2 v2.9.2/go.mod h1:vM4b+DJCtHn+zz7h3FFp/hDAI9WNWCsZj23V5ytsSxQ=
github.com/gddisney/guikit v1.0.5 h1:L4N2cWFlRXbn3paW/dS2hYmInR/4Z1MQg28gZ+5WKcM=
github.com/gddisney/guikit v1.0.5/go.mod h1:LDnxYcLANEKIOQ0vwuOnIUqlps21ARUww2UpP7yk8To=
github.com/gddisney/secure_network v1.0.5-0.20260520184024-f4e088e12a49 h1:bk1cBwSXRBZP6T7XSvgIZVYWM7MQDcoDMcVVFZomnQQ=
github.com/gddisney/secure_network v1.0.5-0.20260520184024-f4e088e12a49/go.mod h1:a6GRyfB6W7x0GMRJpoKg+j2gJsaxPz0uK/wkkcqZhIE=
github.com/gddisney/secure_network v1.0.5-0.20260520184336-84197511f1f5 h1:coNiwkAjK9s9UTaaTwRdWwePWhVHqqHo50BM2pmgmsU=
github.com/gddisney/secure_network v1.0.5-0.20260520184336-84197511f1f5/go.mod h1:a6GRyfB6W7x0GMRJpoKg+j2gJsaxPz0uK/wkkcqZhIE=
github.com/gddisney/secure_network v1.0.5-0.20260520184524-e3696fd354bc h1:QPMe3g46mxhoX4DJDkqlM9zFwwAzvgv8FsQ/We4HnH8=
github.com/gddisney/secure_network v1.0.5-0.20260520184524-e3696fd354bc/go.mod h1:a6GRyfB6W7x0GMRJpoKg+j2gJsaxPz0uK/wkkcqZhIE=
github.com/gddisney/secure_network v1.0.5-0.20260520184750-95152828929d h1:9eRB8kdSMXe+2336oEMcTV3OQ+E8DLlpdWbvG+qCdpY=
github.com/gddisney/secure_network v1.0.5-0.20260520184750-95152828929d/go.mod h1:a6GRyfB6W7x0GMRJpoKg+j2gJsaxPz0uK/wkkcqZhIE=
github.com/gddisney/secure_network v1.0.5-0.20260520184852-5daa0b76c9dc h1:p/igXZjAbSaBufNR6DxvNpyIXAnvxUbHRjoVdmCNJUw=
github.com/gddisney/secure_network v1.0.5-0.20260520184852-5daa0b76c9dc/go.mod h1:a6GRyfB6W7x0GMRJpoKg+j2gJsaxPz0uK/wkkcqZhIE=
github.com/gddisney/secure_network v1.0.5-0.20260520184958-05e0f72812a1 h1:kWtg1o1IPDCGFMqpkk1b0ijAeequ3Y0SfCDN0Oqf1IE=
github.com/gddisney/secure_network v1.0.5-0.20260520184958-05e0f72812a1/go.mod h1:a6GRyfB6W7x0GMRJpoKg+j2gJsaxPz0uK/wkkcqZhIE=
github.com/gddisney/secure_network v1.0.5-0.20260520185231-04714000be79 h1:/MyMpkWJ7T7/uZItq2k5iKaa4dnNMzHMK8wGp4rK4Vg=
github.com/gddisney/secure_network v1.0.5-0.20260520185231-04714000be79/go.mod h1:a6GRyfB6W7x0GMRJpoKg+j2gJsaxPz0uK/wkkcqZhIE=
github.com/gddisney/secure_network v1.0.5-0.20260520185353-c9bb32ea3834 h1:X6Me0pF70bVSpSA4/yBR6UhOCXR2MOAfqs1XkN+83rk=
github.com/gddisney/secure_network v1.0.5-0.20260520185353-c9bb32ea3834/go.mod h1:a6GRyfB6W7x0GMRJpoKg+j2gJsaxPz0uK/wkkcqZhIE=
github.com/gddisney/secure_network v1.0.5-0.20260520190437-9bccfdc33d4e h1:kix8h5R9UA1h9EfFZthk9jBEIg3DuXPbRFqhq5sio3w=
github.com/gddisney/secure_network v1.0.5-0.20260520190437-9bccfdc33d4e/go.mod h1:a6GRyfB6W7x0GMRJpoKg+j2gJsaxPz0uK/wkkcqZhIE=
github.com/gddisney/secure_network v1.0.5-0.20260520190528-5954caa928ce h1:UxUv2MLc3g8b3ED46PBu9zg5LAvwrMBCbaxk1mewTaU=
github.com/gddisney/secure_network v1.0.5-0.20260520190528-5954caa928ce/go.mod h1:a6GRyfB6W7x0GMRJpoKg+j2gJsaxPz0uK/wkkcqZhIE=
github.com/gddisney/secure_network v1.0.5-0.20260520190929-050acdc1c82e h1:HbRlzqC53SD+467TKoxzQk4k9mCNkLVT/dnaP0UZz3M=
github.com/gddisney/secure_network v1.0.5-0.20260520190929-050acdc1c82e/go.mod h1:a6GRyfB6W7x0GMRJpoKg+j2gJsaxPz0uK/wkkcqZhIE=
github.com/gddisney/secure_network v1.0.5-0.20260520191154-4aadd8807d3e h1:4OhUw063GebhslsLWlX5pSKMhcukBvjcucVN7yHZkjs=
github.com/gddisney/secure_network v1.0.5-0.20260520191154-4aadd8807d3e/go.mod h1:a6GRyfB6W7x0GMRJpoKg+j2gJsaxPz0uK/wkkcqZhIE=
github.com/gddisney/secure_network v1.0.5-0.20260520191236-25ebcf454200 h1:hi+vYuQE2O4/T4HUXJqBgLPQfo7nt+89+9LFSA7aZgo=
github.com/gddisney/secure_network v1.0.5-0.20260520191236-25ebcf454200/go.mod h1:a6GRyfB6W7x0GMRJpoKg+j2gJsaxPz0uK/wkkcqZhIE=
github.com/gddisney/secure_network v1.0.5-0.20260520191836-a8e503250593 h1:DSL6wZTpb9xhdrTXWqBQw3RRVcHEwYNYaxdv2ZLSkl4=
github.com/gddisney/secure_network v1.0.5-0.20260520191836-a8e503250593/go.mod h1:a6GRyfB6W7x0GMRJpoKg+j2gJsaxPz0uK/wkkcqZhIE=
github.com/gddisney/secure_network v1.0.5-0.20260520192236-c0b981d11200 h1:V1jcmAJSVKOjUh4OByQunf49KPHd9qQrPiAsurzOekY=
github.com/gddisney/secure_network v1.0.5-0.20260520192236-c0b981d11200/go.mod h1:a6GRyfB6W7x0GMRJpoKg+j2gJsaxPz0uK/wkkcqZhIE=
github.com/gddisney/secure_network v1.0.5-0.20260520192344-0835e389be75 h1:LrVaSmf4xXez5wNZZD7GFhGSg81ororrEwrHsS+10xg=
github.com/gddisney/secure_network v1.0.5-0.20260520192344-0835e389be75/go.mod h1:a6GRyfB6W7x0GMRJpoKg+j2gJsaxPz0uK/wkkcqZhIE=
github.com/gddisney/secure_network v1.0.5-0.20260520193505-d4a374f23848 h1:m+BrNeZTMao9JuHMoDyLx3hC4iB4Z4Ne3KrArw3XH6A=
github.com/gddisney/secure_network v1.0.5-0.20260520193505-d4a374f23848/go.mod h1:a6GRyfB6W7x0GMRJpoKg+j2gJsaxPz0uK/wkkcqZhIE=
github.com/gddisney/secure_network v1.0.5-0.20260520193930-00db1ca22e6f h1:VGsp5OK16TGq08H7MknNU2m//UwZiS4bQmQSxqvnja8=
github.com/gddisney/secure_network v1.0.5-0.20260520193930-00db1ca22e6f/go.mod h1:a6GRyfB6W7x0GMRJpoKg+j2gJsaxPz0uK/wkkcqZhIE=
github.com/gddisney/secure_network v1.0.5-0.20260520202323-7fed0eb0416b h1:iHqEt9zFQ5loJk5lyrpRgioGVhbbEVQiZxWeVYssIeM=
github.com/gddisney/secure_network v1.0.5-0.20260520202323-7fed0eb0416b/go.mod h1:a6GRyfB6W7x0GMRJpoKg+j2gJsaxPz0uK/wkkcqZhIE=
github.com/gddisney/ultimate_db v1.0.5 h1:rzpcqc8Qk8JzcTIUM2AjZ+NQwPRZz7DvZ55g0C48OE4=
github.com/gddisney/ultimate_db v1.0.5/go.mod h1:yDGa+1Vtx/uJhQJ68AnbsONu1mpP4nXe8DERJdTGNFA=
github.com/gddisney/webauthnext v1.0.3 h1:/WFjdKSdlaYm6U+6zrujO9gvADJzHQpQ21ZSRLHuEu0=
github.com/gddisney/webauthnext v1.0.3/go.mod h1:/HW+lZ09cDWk99CE+0/eNXeDifsQCXTre8rICB0NRPA=
github.com/gddisney/webauthnext v1.0.4-0.20260520202225-66034ca8acfa h1:erkSm8De8SMUoofqWeoEHwNqXfP1mZ/KwPi1yEBf74s=
github.com/gddisney/webauthnext v1.0.4-0.20260520202225-66034ca8acfa/go.mod h1:2van0Q3eiiAuSjZTslVu0vbpeUrUAroY5xNqnjhqAOU=
github.com/go-task/slim-sprig v0.0.0-20230315185526-52ccab3ef572 h1:tfuBGBXKqDEevZMzYi5KSi8KkcZtzBcTgAUUtapy0OI=
github.com/go-task/slim-sprig v0.0.0-20230315185526-52ccab3ef572/go.mod h1:9Pwr4B2jHnOSGXyyzV8ROjYa2ojvAY6HCGYYfMoC3Ls=
github.com/go-viper/mapstructure/v2 v2.5.0 h1:vM5IJoUAy3d7zRSVtIwQgBj7BiWtMPfmPEgAXnvj1Ro=
github.com/go-viper/mapstructure/v2 v2.5.0/go.mod h1:oJDH3BJKyqBA2TXFhDsKDGDTlndYOZ6rGS0BRZIxGhM=
github.com/go-webauthn/webauthn v0.17.3 h1:XHZ0TXV7k8vChcE4TFgPitOPJ5cb7h1dpAeFDS0cjCo=
github.com/go-webauthn/webauthn v0.17.3/go.mod h1:PlkMgmuL9McCT7dvgBj/Sz/fgs3V6ZID6/KnFkEcPvQ=
github.com/go-webauthn/x v0.2.5 h1:wEVTfU04XFyPTXGQbKOQwMKhcDWfDAkdsDDBsDaG9yY=
github.com/go-webauthn/x v0.2.5/go.mod h1:Qna/yJz9rV6lRzwl5BfYbmTJpVGxcBIds3gJtw2tlGg=
github.com/golang-jwt/jwt/v5 v5.3.1 h1:kYf81DTWFe7t+1VvL7eS+jKFVWaUnK9cB1qbwn63YCY=
github.com/golang-jwt/jwt/v5 v5.3.1/go.mod h1:fxCRLWMO43lRc8nhHWY6LGqRcf+1gQWArsqaEUEa5bE=
github.com/google/go-tpm v0.9.8 h1:slArAR9Ft+1ybZu0lBwpSmpwhRXaa85hWtMinMyRAWo=
github.com/google/go-tpm v0.9.8/go.mod h1:h9jEsEECg7gtLis0upRBQU+GhYVH6jMjrFxI8u6bVUY=
github.com/google/pprof v0.0.0-20210407192527-94a9f03dee38 h1:yAJXTCF9TqKcTiHJAE8dj7HMvPfh66eeA2JYW7eFpSE=
github.com/google/pprof v0.0.0-20210407192527-94a9f03dee38/go.mod h1:kpwsk12EmLew5upagYY7GY0pfYCcupk39gWOCRROcvE=
github.com/google/uuid v1.6.0 h1:NIvaJDMOsjHA8n1jAhLSgzrAzy1Hgr+hNrb57e+94F0=
github.com/google/uuid v1.6.0/go.mod h1:TIyPZe4MgqvfeYDBFedMoGGpEw/LqOeaOT+nhxU+yHo=
github.com/gorilla/websocket v1.5.3 h1:saDtZ6Pbx/0u+bgYQ3q96pZgCzfhKXGPqt7kZ72aNNg=
github.com/gorilla/websocket v1.5.3/go.mod h1:YR8l580nyteQvAITg2hZ9XVh4b55+EU/adAjf1fMHhE=
github.com/ianlancetaylor/demangle v0.0.0-20200824232613-28f6c0f3b639/go.mod h1:aSSvb/t6k1mPoxDqO4vJh6VOCGPwU4O0C2/Eqndh1Sc=
github.com/kr/pretty v0.2.1/go.mod h1:ipq/a2n7PKx3OHsz4KJII5eveXtPO4qwEXGdVfWzfnI=
github.com/kr/pty v1.1.1/go.mod h1:pFQYn66WHrOpPYNljwOMqo10TkYh1fy3cYio2l3bCsQ=
github.com/kr/text v0.1.0/go.mod h1:4Jbv+DJW3UT/LiOwJeYQe1efqtUx/iVham/4vfdArNI=
github.com/onsi/ginkgo/v2 v2.9.5 h1:+6Hr4uxzP4XIUyAkg61dWBw8lb/gc4/X5luuxN/EC+Q=
github.com/onsi/ginkgo/v2 v2.9.5/go.mod h1:tvAoo1QUJwNEU2ITftXTpR7R1RbCzoZUOs3RonqW57k=
github.com/philhofer/fwd v1.2.0 h1:e6DnBTl7vGY+Gz322/ASL4Gyp1FspeMvx1RNDoToZuM=
github.com/philhofer/fwd v1.2.0/go.mod h1:RqIHx9QI14HlwKwm98g9Re5prTQ6LdeRQn+gXJFxsJM=
github.com/pmezard/go-difflib v1.0.0/go.mod h1:iKH77koFhYxTK1pcRnkKkqfTogsbg7gZNVY4sRDYZ/4=
github.com/quic-go/qpack v0.4.0 h1:Cr9BXA1sQS2SmDUWjSofMPNKmvF6IiIfDRmgU0w1ZCo=
github.com/quic-go/qpack v0.4.0/go.mod h1:UZVnYIfi5GRk+zI9UMaCPsmZ2xKJP7XBUvVyT1Knj9A=
github.com/quic-go/qpack v0.6.0 h1:g7W+BMYynC1LbYLSqRt8PBg5Tgwxn214ZZR34VIOjz8=
github.com/quic-go/qpack v0.6.0/go.mod h1:lUpLKChi8njB4ty2bFLX2x4gzDqXwUpaO1DP9qMDZII=
github.com/quic-go/quic-go v0.42.0 h1:uSfdap0eveIl8KXnipv9K7nlwZ5IqLlYOpJ58u5utpM=
github.com/quic-go/quic-go v0.42.0/go.mod h1:132kz4kL3F9vxhW3CtQJLDVwcFe5wdWeJXXijhsO57M=
github.com/quic-go/quic-go v0.59.1 h1:0Gmua0HW1Tv7ANR7hUYwRyD0MG5OJfgvYSZasGZzBic=
github.com/quic-go/quic-go v0.59.1/go.mod h1:upnsH4Ju1YkqpLXC305eW3yDZ4NfnNbmQRCMWS58IKU=
github.com/stretchr/objx v0.1.0/go.mod h1:HFkY916IF+rwdDfMAkV7OtwuqBVzrE8GR6GFx+wExME=
github.com/stretchr/testify v1.6.1/go.mod h1:6Fq8oRcR53rry900zMqJjRRixrwX3KX962/h/Wwjteg=
github.com/tinylib/msgp v1.6.4 h1:mOwYbyYDLPj35mkA2BjjYejgJk9BuHxDdvRnb6v2ZcQ=
github.com/tinylib/msgp v1.6.4/go.mod h1:RSp0LW9oSxFut3KzESt5Voq4GVWyS+PSulT77roAqEA=
github.com/x448/float16 v0.8.4 h1:qLwI1I70+NjRFUR3zs1JPUCgaCXSh3SW62uAKT1mSBM=
github.com/x448/float16 v0.8.4/go.mod h1:14CWIYCyZA/cWjXOioeEpHeN/83MdbZDRQHoFcYsOfg=
go.uber.org/mock v0.6.0 h1:hyF9dfmbgIX5EfOdasqLsWD6xqpNZlXblLB/Dbnwv3Y=
go.uber.org/mock v0.6.0/go.mod h1:KiVJ4BqZJaMj4svdfmHM0AUx4NJYO8ZNpPnZn1Z+BBU=
golang.org/x/crypto v0.0.0-20210322153248-0c34fe9e7dc2/go.mod h1:T9bdIzuCu7OtxOm1hfPfRQxPLYneinmdGuTeoZ9dtd4=
golang.org/x/crypto v0.51.0 h1:IBPXwPfKxY7cWQZ38ZCIRPI50YLeevDLlLnyC5wRGTI=
golang.org/x/crypto v0.51.0/go.mod h1:8AdwkbraGNABw2kOX6YFPs3WM22XqI4EXEd8g+x7Oc8=
golang.org/x/exp v0.0.0-20221205204356-47842c84f3db h1:D/cFflL63o2KSLJIwjlcIt8PR064j/xsmdEJL/YvY/o=
golang.org/x/exp v0.0.0-20221205204356-47842c84f3db/go.mod h1:CxIveKay+FTh1D0yPZemJVgC/95VzuuOLq5Qi4xnoYc=
golang.org/x/mod v0.35.0 h1:Ww1D637e6Pg+Zb2KrWfHQUnH2dQRLBQyAtpr/haaJeM=
golang.org/x/mod v0.35.0/go.mod h1:+GwiRhIInF8wPm+4AoT6L0FA1QWAad3OMdTRx4tFYlU=
golang.org/x/net v0.0.0-20210226172049-e18ecbb05110/go.mod h1:m0MpNAwzfU5UDzcl9v0D8zg8gWTRqZa9RBIspLL5mdg=
golang.org/x/net v0.53.0 h1:d+qAbo5L0orcWAr0a9JweQpjXF19LMXJE8Ey7hwOdUA=
golang.org/x/net v0.53.0/go.mod h1:JvMuJH7rrdiCfbeHoo3fCQU24Lf5JJwT9W3sJFulfgs=
golang.org/x/sync v0.20.0 h1:e0PTpb7pjO8GAtTs2dQ6jYa5BWYlMuX047Dco/pItO4=
golang.org/x/sync v0.20.0/go.mod h1:9xrNwdLfx4jkKbNva9FpL6vEN7evnE43NNNJQ2LF3+0=
golang.org/x/sys v0.0.0-20191204072324-ce4227a45e2e/go.mod h1:h1NjWce9XRLGQEsW7wpKNCjG9DtNlClVuFLEZdDNbEs=
golang.org/x/sys v0.0.0-20201119102817-f84b799fce68/go.mod h1:h1NjWce9XRLGQEsW7wpKNCjG9DtNlClVuFLEZdDNbEs=
golang.org/x/sys v0.44.0 h1:ildZl3J4uzeKP07r2F++Op7E9B29JRUy+a27EibtBTQ=
golang.org/x/sys v0.44.0/go.mod h1:4GL1E5IUh+htKOUEOaiffhrAeqysfVGipDYzABqnCmw=
golang.org/x/term v0.0.0-20201126162022-7de9c90e9dd1/go.mod h1:bj7SfCRtBDWHUb9snDiAeCFNEtKQo2Wmx5Cou7ajbmo=
golang.org/x/text v0.3.3/go.mod h1:5Zoc/QRtKVWzQhOtBMvqHzDpF6irO9z98xDceosuGiQ=
golang.org/x/text v0.37.0 h1:Cqjiwd9eSg8e0QAkyCaQTNHFIIzWtidPahFWR83rTrc=
golang.org/x/text v0.37.0/go.mod h1:a5sjxXGs9hsn/AJVwuElvCAo9v8QYLzvavO5z2PiM38=
golang.org/x/tools v0.0.0-20180917221912-90fa682c2a6e/go.mod h1:n7NCudcB/nEzxVGmLbDWY5pfWTLqBcC2KZ6jyYvM4mQ=
golang.org/x/tools v0.44.0 h1:UP4ajHPIcuMjT1GqzDWRlalUEoY+uzoZKnhOjbIPD2c=
golang.org/x/tools v0.44.0/go.mod h1:KA0AfVErSdxRZIsOVipbv3rQhVXTnlU6UhKxHd1seDI=
gopkg.in/check.v1 v0.0.0-20161208181325-20d25e280405/go.mod h1:Co6ibVJAznAaIkqp8huTwlJQCZ016jof/cbN4VW5Yz0=
gopkg.in/check.v1 v1.0.0-20201130134442-10cb98267c6c/go.mod h1:JHkPIbrfpd72SG/EVd6muEfDQjcINNoR0C8j2r3qZ4Q=
gopkg.in/square/go-jose.v2 v2.6.0 h1:NGk74WTnPKBNUhNzQX7PYcTLUjoq7mzKk2OKbvwk2iI=
gopkg.in/square/go-jose.v2 v2.6.0/go.mod h1:M9dMgbHiYLoDGQrXy7OpJDJWiKiU//h+vD76mk0e1AI=
gopkg.in/yaml.v3 v3.0.0-20200313102051-9f266ea9e77c/go.mod h1:K4uyk7z7BCEPqu6E+C64Yfv1cQ7kz7rIZviUmN+EgEM=
